
Microsoft Visual Studio Solution File, Format Version 12.00
# Visual Studio Version 17
VisualStudioVersion = 17.10.35004.147
MinimumVisualStudioVersion = 10.0.40219.1
Project("{FAE04EC0-301F-11D3-BF4B-00C04F79EFBC}") = "EcommerceMVC", "EcommerceMVC.csproj", "{DFF8DCC1-50F5-4054-AC54-B99EB664C5C6}"
EndProject
Global
	GlobalSection(SolutionConfigurationPlatforms) = preSolution
		Debug|Any CPU = Debug|Any CPU
		Release|Any CPU = Release|Any CPU
	EndGlobalSection
	GlobalSection(ProjectConfigurationPlatforms) = postSolution
		{DFF8DCC1-50F5-4054-AC54-B99EB664C5C6}.Debug|Any CPU.ActiveCfg = Debug|Any CPU
		{DFF8DCC1-50F5-4054-AC54-B99EB664C5C6}.Debug|Any CPU.Build.0 = Debug|Any CPU
		{DFF8DCC1-50F5-4054-AC54-B99EB664C5C6}.Release|Any CPU.ActiveCfg = Release|Any CPU
		{DFF8DCC1-50F5-4054-AC54-B99EB664C5C6}.Release|Any CPU.Build.0 = Release|Any CPU
	EndGlobalSection
	GlobalSection(SolutionProperties) = preSolution
		HideSolutionNode = FALSE
	EndGlobalSection
	GlobalSection(ExtensibilityGlobals) = postSolution
		SolutionGuid = {D50D7397-A0AB-4260-AC6F-E485DE1B5E1F}
	EndGlobalSection
EndGlobal
